
Microsoft Visual Studio Solution File, Format Version 12.00
# Visual Studio Version 16
VisualStudioVersion = 16.0.31702.278
MinimumVisualStudioVersion = 10.0.40219.1
Project("{FAE04EC0-301F-11D3-BF4B-00C04F79EFBC}") = "Lab17", "Lab17\Lab17.csproj", "{7979CBA1-AAE3-4415-9582-D2D9D43A177D}"
EndProject
Global
	GlobalSection(SolutionConfigurationPlatforms) = preSolution
		Debug|Any CPU = Debug|Any CPU
		Release|Any CPU = Release|Any CPU
	EndGlobalSection
	GlobalSection(ProjectConfigurationPlatforms) = postSolution
		{7979CBA1-AAE3-4415-9582-D2D9D43A177D}.Debug|Any CPU.ActiveCfg = Debug|Any CPU
		{7979CBA1-AAE3-4415-9582-D2D9D43A177D}.Debug|Any CPU.Build.0 = Debug|Any CPU
		{7979CBA1-AAE3-4415-9582-D2D9D43A177D}.Release|Any CPU.ActiveCfg = Release|Any CPU
		{7979CBA1-AAE3-4415-9582-D2D9D43A177D}.Release|Any CPU.Build.0 = Release|Any CPU
	EndGlobalSection
	GlobalSection(SolutionProperties) = preSolution
		HideSolutionNode = FALSE
	EndGlobalSection
	GlobalSection(ExtensibilityGlobals) = postSolution
		SolutionGuid = {2249A3CC-A343-4687-AC6D-E4E344CFC917}
	EndGlobalSection
EndGlobal
